<?xml version="1.0" encoding="utf-8"?>
<Project ToolsVersion="4.0" xmlns="http://schemas.microsoft.com/developer/msbuild/2003">
  <ItemGroup>
    <Filter Include="Arquivos de Origem">
      <UniqueIdentifier>{4FC737F1-C7A5-4376-A066-2A32D752A2FF}</UniqueIdentifier>
      <Extensions>cpp;c;cc;cxx;c++;cppm;ixx;def;odl;idl;hpj;bat;asm;asmx</Extensions>
    </Filter>
    <Filter Include="Arquivos de Cabeçalho">
      <UniqueIdentifier>{93995380-89BD-4b04-88EB-625FBE52EBFB}</UniqueIdentifier>
      <Extensions>h;hh;hpp;hxx;h++;hm;inl;inc;ipp;xsd</Extensions>
    </Filter>
    <Filter Include="Arquivos de Recurso">
      <UniqueIdentifier>{67DA6AB6-F800-4c08-8B7A-83BB121AAD01}</UniqueIdentifier>
      <Extensions>rc;ico;cur;bmp;dlg;rc2;rct;bin;rgs;gif;jpg;jpeg;jpe;resx;tiff;tif;png;wav;mfcribbon-ms</Extensions>
    </Filter>
    <Filter Include="Gerenciadores">
      <UniqueIdentifier>{26ba10f9-e075-466f-b4b2-5f27f14521b8}</UniqueIdentifier>
    </Filter>
    <Filter Include="Fases">
      <UniqueIdentifier>{0b8fc3fa-d89f-4660-8f5c-ea5b244b4113}</UniqueIdentifier>
    </Filter>
    <Filter Include="Personagens">
      <UniqueIdentifier>{19f63844-5ba1-4745-83e1-8be37c29a5df}</UniqueIdentifier>
    </Filter>
    <Filter Include="Listas">
      <UniqueIdentifier>{e8314abe-97e8-409a-b08b-e48560ddf308}</UniqueIdentifier>
    </Filter>
    <Filter Include="Obstaculos">
      <UniqueIdentifier>{c1a29da0-6bae-4515-8a01-55f6a4abbef2}</UniqueIdentifier>
    </Filter>
    <Filter Include="UI">
      <UniqueIdentifier>{57ded5e3-eab4-4581-8f09-1b62d38bec70}</UniqueIdentifier>
    </Filter>
  </ItemGroup>
  <ItemGroup>
    <ClCompile Include="main.cpp">
      <Filter>Arquivos de Origem</Filter>
    </ClCompile>
    <ClCompile Include="Entidade.cpp">
      <Filter>Arquivos de Origem</Filter>
    </ClCompile>
    <ClCompile Include="Ente.cpp">
      <Filter>Arquivos de Origem</Filter>
    </ClCompile>
    <ClCompile Include="ListaEntidades.cpp">
      <Filter>Listas</Filter>
    </ClCompile>
    <ClCompile Include="Inimigo.cpp">
      <Filter>Personagens</Filter>
    </ClCompile>
    <ClCompile Include="Mago.cpp">
      <Filter>Personagens</Filter>
    </ClCompile>
    <ClCompile Include="Personagem.cpp">
      <Filter>Personagens</Filter>
    </ClCompile>
    <ClCompile Include="FasePrimeira.cpp">
      <Filter>Fases</Filter>
    </ClCompile>
    <ClCompile Include="FaseSegunda.cpp">
      <Filter>Fases</Filter>
    </ClCompile>
    <ClCompile Include="Fase.cpp">
      <Filter>Fases</Filter>
    </ClCompile>
    <ClCompile Include="Gerenciador_Colisoes.cpp">
      <Filter>Gerenciadores</Filter>
    </ClCompile>
    <ClCompile Include="Gerenciador_Grafico.cpp">
      <Filter>Gerenciadores</Filter>
    </ClCompile>
    <ClCompile Include="Espinho.cpp">
      <Filter>Obstaculos</Filter>
    </ClCompile>
    <ClCompile Include="Obstaculo.cpp">
      <Filter>Obstaculos</Filter>
    </ClCompile>
    <ClCompile Include="Jogo.cpp">
      <Filter>UI</Filter>
    </ClCompile>
    <ClCompile Include="Menu.cpp">
      <Filter>UI</Filter>
    </ClCompile>
    <ClCompile Include="Teia.cpp">
      <Filter>Obstaculos</Filter>
    </ClCompile>
    <ClCompile Include="Plataforma.cpp">
      <Filter>Arquivos de Origem</Filter>
    </ClCompile>
    <ClCompile Include="Projetil.cpp">
      <Filter>Arquivos de Origem</Filter>
    </ClCompile>
    <ClCompile Include="MagoNegro.cpp">
      <Filter>Arquivos de Origem</Filter>
    </ClCompile>
    <ClCompile Include="Golem.cpp">
      <Filter>Arquivos de Origem</Filter>
    </ClCompile>
    <ClCompile Include="Sapo.cpp">
      <Filter>Arquivos de Origem</Filter>
    </ClCompile>
    <ClCompile Include="Bloco.cpp">
      <Filter>Arquivos de Origem</Filter>
    </ClCompile>
    <ClCompile Include="Alavanca.cpp">
      <Filter>Arquivos de Origem</Filter>
    </ClCompile>
    <ClCompile Include="Saida.cpp">
      <Filter>Arquivos de Origem</Filter>
    </ClCompile>
    <ClCompile Include="Gerenciador_Eventos.cpp">
      <Filter>Arquivos de Origem</Filter>
    </ClCompile>
  </ItemGroup>
  <ItemGroup>
    <ClInclude Include="Entidade.hpp">
      <Filter>Arquivos de Cabeçalho</Filter>
    </ClInclude>
    <ClInclude Include="Ente.hpp">
      <Filter>Arquivos de Cabeçalho</Filter>
    </ClInclude>
    <ClInclude Include="ListaEntidades.hpp">
      <Filter>Listas</Filter>
    </ClInclude>
    <ClInclude Include="Lista.hpp">
      <Filter>Listas</Filter>
    </ClInclude>
    <ClInclude Include="Personagem.hpp">
      <Filter>Personagens</Filter>
    </ClInclude>
    <ClInclude Include="Inimigo.hpp">
      <Filter>Personagens</Filter>
    </ClInclude>
    <ClInclude Include="Mago.hpp">
      <Filter>Personagens</Filter>
    </ClInclude>
    <ClInclude Include="Fase.hpp">
      <Filter>Fases</Filter>
    </ClInclude>
    <ClInclude Include="FasePrimeira.hpp">
      <Filter>Fases</Filter>
    </ClInclude>
    <ClInclude Include="FaseSegunda.hpp">
      <Filter>Fases</Filter>
    </ClInclude>
    <ClInclude Include="Gerenciador_Grafico.hpp">
      <Filter>Gerenciadores</Filter>
    </ClInclude>
    <ClInclude Include="Gerenciador_Colisoes.hpp">
      <Filter>Gerenciadores</Filter>
    </ClInclude>
    <ClInclude Include="Obstaculo.hpp">
      <Filter>Obstaculos</Filter>
    </ClInclude>
    <ClInclude Include="Espinho.hpp">
      <Filter>Obstaculos</Filter>
    </ClInclude>
    <ClInclude Include="Jogo.hpp">
      <Filter>UI</Filter>
    </ClInclude>
    <ClInclude Include="Menu.hpp">
      <Filter>UI</Filter>
    </ClInclude>
    <ClInclude Include="Teia.hpp">
      <Filter>Obstaculos</Filter>
    </ClInclude>
    <ClInclude Include="Plataforma.hpp">
      <Filter>Arquivos de Cabeçalho</Filter>
    </ClInclude>
    <ClInclude Include="Projetil.hpp">
      <Filter>Arquivos de Cabeçalho</Filter>
    </ClInclude>
    <ClInclude Include="MagoNegro.hpp">
      <Filter>Arquivos de Cabeçalho</Filter>
    </ClInclude>
    <ClInclude Include="Golem.hpp">
      <Filter>Arquivos de Cabeçalho</Filter>
    </ClInclude>
    <ClInclude Include="Sapo.hpp">
      <Filter>Arquivos de Cabeçalho</Filter>
    </ClInclude>
    <ClInclude Include="Bloco.hpp">
      <Filter>Arquivos de Cabeçalho</Filter>
    </ClInclude>
    <ClInclude Include="Alavanca.hpp">
      <Filter>Arquivos de Cabeçalho</Filter>
    </ClInclude>
    <ClInclude Include="Saida.hpp">
      <Filter>Arquivos de Cabeçalho</Filter>
    </ClInclude>
    <ClInclude Include="Gerenciador_Eventos.hpp">
      <Filter>Arquivos de Cabeçalho</Filter>
    </ClInclude>
  </ItemGroup>
</Project>