<?xml version="1.0" encoding="utf-8"?>
<Project ToolsVersion="4.0" xmlns="http://schemas.microsoft.com/developer/msbuild/2003">
  <ItemGroup>
    <ClCompile Include="Ente.cpp" />
    <ClCompile Include="Entidade.cpp" />
    <ClCompile Include="Jogo.cpp" />
    <ClCompile Include="main.cpp" />
    <ClCompile Include="Projetil.cpp" />
    <ClCompile Include="Alavanca.cpp">
      <Filter>Obstaculos</Filter>
    </ClCompile>
    <ClCompile Include="Bloco.cpp">
      <Filter>Obstaculos</Filter>
    </ClCompile>
    <ClCompile Include="Espinho.cpp">
      <Filter>Obstaculos</Filter>
    </ClCompile>
    <ClCompile Include="Fase.cpp">
      <Filter>Fases</Filter>
    </ClCompile>
    <ClCompile Include="FaseSegunda.cpp">
      <Filter>Fases</Filter>
    </ClCompile>
    <ClCompile Include="FasePrimeira.cpp">
      <Filter>Fases</Filter>
    </ClCompile>
    <ClCompile Include="GameOverState.cpp">
      <Filter>GerenciadorEstadosObserver</Filter>
    </ClCompile>
    <ClCompile Include="Gerenciador_Colisoes.cpp">
      <Filter>Gerenciadores</Filter>
    </ClCompile>
    <ClCompile Include="Gerenciador_Eventos.cpp">
      <Filter>Gerenciadores</Filter>
    </ClCompile>
    <ClCompile Include="Gerenciador_Grafico.cpp">
      <Filter>Gerenciadores</Filter>
    </ClCompile>
    <ClCompile Include="Golem.cpp">
      <Filter>Personagens</Filter>
    </ClCompile>
    <ClCompile Include="Inimigo.cpp">
      <Filter>Personagens</Filter>
    </ClCompile>
    <ClCompile Include="JogandoState.cpp">
      <Filter>GerenciadorEstadosObserver</Filter>
    </ClCompile>
    <ClCompile Include="ListaEntidades.cpp">
      <Filter>Listas</Filter>
    </ClCompile>
    <ClCompile Include="Mago.cpp">
      <Filter>Personagens</Filter>
    </ClCompile>
    <ClCompile Include="MagoNegro.cpp">
      <Filter>Personagens</Filter>
    </ClCompile>
    <ClCompile Include="Menu.cpp">
      <Filter>Menus</Filter>
    </ClCompile>
    <ClCompile Include="MenuGameOver.cpp">
      <Filter>Menus</Filter>
    </ClCompile>
    <ClCompile Include="MenuPause.cpp">
      <Filter>Menus</Filter>
    </ClCompile>
    <ClCompile Include="MenuPrincipal.cpp">
      <Filter>Menus</Filter>
    </ClCompile>
    <ClCompile Include="MenuSelecaoFase.cpp">
      <Filter>Menus</Filter>
    </ClCompile>
    <ClCompile Include="Personagem.cpp">
      <Filter>Personagens</Filter>
    </ClCompile>
    <ClCompile Include="Subject.cpp">
      <Filter>GerenciadorEstadosObserver</Filter>
    </ClCompile>
    <ClCompile Include="SelecaoFaseState.cpp">
      <Filter>GerenciadorEstadosObserver</Filter>
    </ClCompile>
    <ClCompile Include="PauseState.cpp">
      <Filter>GerenciadorEstadosObserver</Filter>
    </ClCompile>
    <ClCompile Include="Obstaculo.cpp">
      <Filter>Obstaculos</Filter>
    </ClCompile>
    <ClCompile Include="Plataforma.cpp">
      <Filter>Obstaculos</Filter>
    </ClCompile>
    <ClCompile Include="Saida.cpp">
      <Filter>Obstaculos</Filter>
    </ClCompile>
    <ClCompile Include="Sapo.cpp">
      <Filter>Personagens</Filter>
    </ClCompile>
    <ClCompile Include="Teia.cpp">
      <Filter>Obstaculos</Filter>
    </ClCompile>
    <ClCompile Include="Observer.cpp">
      <Filter>GerenciadorEstadosObserver</Filter>
    </ClCompile>
    <ClCompile Include="MenuPrincipalState.cpp">
      <Filter>GerenciadorEstadosObserver</Filter>
    </ClCompile>
    <ClCompile Include="MenuRanking.cpp" />
    <ClCompile Include="MenuRankingState.cpp" />
  </ItemGroup>
  <ItemGroup>
    <ClInclude Include="Ente.hpp" />
    <ClInclude Include="Entidade.hpp" />
    <ClInclude Include="Jogo.hpp" />
    <ClInclude Include="Projetil.hpp" />
    <ClInclude Include="Bloco.hpp">
      <Filter>Obstaculos</Filter>
    </ClInclude>
    <ClInclude Include="Alavanca.hpp">
      <Filter>Obstaculos</Filter>
    </ClInclude>
    <ClInclude Include="Espinho.hpp">
      <Filter>Obstaculos</Filter>
    </ClInclude>
    <ClInclude Include="FaseSegunda.hpp">
      <Filter>Fases</Filter>
    </ClInclude>
    <ClInclude Include="Fase.hpp">
      <Filter>Fases</Filter>
    </ClInclude>
    <ClInclude Include="FasePrimeira.hpp">
      <Filter>Fases</Filter>
    </ClInclude>
    <ClInclude Include="GameOverState.hpp">
      <Filter>GerenciadorEstadosObserver</Filter>
    </ClInclude>
    <ClInclude Include="Gerenciador_Colisoes.hpp">
      <Filter>Gerenciadores</Filter>
    </ClInclude>
    <ClInclude Include="Gerenciador_Eventos.hpp">
      <Filter>Gerenciadores</Filter>
    </ClInclude>
    <ClInclude Include="Gerenciador_Grafico.hpp">
      <Filter>Gerenciadores</Filter>
    </ClInclude>
    <ClInclude Include="Golem.hpp">
      <Filter>Personagens</Filter>
    </ClInclude>
    <ClInclude Include="Inimigo.hpp">
      <Filter>Personagens</Filter>
    </ClInclude>
    <ClInclude Include="JogandoState.hpp">
      <Filter>GerenciadorEstadosObserver</Filter>
    </ClInclude>
    <ClInclude Include="ListaEntidades.hpp">
      <Filter>Listas</Filter>
    </ClInclude>
    <ClInclude Include="Lista.hpp">
      <Filter>Listas</Filter>
    </ClInclude>
    <ClInclude Include="Mago.hpp">
      <Filter>Personagens</Filter>
    </ClInclude>
    <ClInclude Include="MagoNegro.hpp">
      <Filter>Personagens</Filter>
    </ClInclude>
    <ClInclude Include="Menu.hpp">
      <Filter>Menus</Filter>
    </ClInclude>
    <ClInclude Include="MenuGameOver.hpp">
      <Filter>Menus</Filter>
    </ClInclude>
    <ClInclude Include="MenuPause.hpp">
      <Filter>Menus</Filter>
    </ClInclude>
    <ClInclude Include="MenuPrincipal.hpp">
      <Filter>Menus</Filter>
    </ClInclude>
    <ClInclude Include="MenuSelecaoFase.hpp">
      <Filter>Menus</Filter>
    </ClInclude>
    <ClInclude Include="Personagem.hpp">
      <Filter>Personagens</Filter>
    </ClInclude>
    <ClInclude Include="SelecaoFaseState.hpp">
      <Filter>GerenciadorEstadosObserver</Filter>
    </ClInclude>
    <ClInclude Include="State.hpp">
      <Filter>GerenciadorEstadosObserver</Filter>
    </ClInclude>
    <ClInclude Include="Subject.hpp">
      <Filter>GerenciadorEstadosObserver</Filter>
    </ClInclude>
    <ClInclude Include="PauseState.hpp">
      <Filter>GerenciadorEstadosObserver</Filter>
    </ClInclude>
    <ClInclude Include="Obstaculo.hpp">
      <Filter>Obstaculos</Filter>
    </ClInclude>
    <ClInclude Include="Plataforma.hpp">
      <Filter>Obstaculos</Filter>
    </ClInclude>
    <ClInclude Include="Saida.hpp">
      <Filter>Obstaculos</Filter>
    </ClInclude>
    <ClInclude Include="Sapo.hpp">
      <Filter>Personagens</Filter>
    </ClInclude>
    <ClInclude Include="Teia.hpp">
      <Filter>Obstaculos</Filter>
    </ClInclude>
    <ClInclude Include="MenuPrincipalState.hpp">
      <Filter>GerenciadorEstadosObserver</Filter>
    </ClInclude>
    <ClInclude Include="MenuRanking.hpp" />
    <ClInclude Include="MenuRankingState.hpp" />
  </ItemGroup>
  <ItemGroup>
    <Filter Include="Obstaculos">
      <UniqueIdentifier>{75188364-1020-40b2-a535-d3920b6cafad}</UniqueIdentifier>
    </Filter>
    <Filter Include="Fases">
      <UniqueIdentifier>{eb33e716-ae7e-4dcf-a58f-90891e61d0df}</UniqueIdentifier>
    </Filter>
    <Filter Include="GerenciadorEstadosObserver">
      <UniqueIdentifier>{2afb71af-d788-48aa-828b-e7004b90cb04}</UniqueIdentifier>
    </Filter>
    <Filter Include="Gerenciadores">
      <UniqueIdentifier>{bd6a5ff6-3a9c-4bee-af5d-85910a169964}</UniqueIdentifier>
    </Filter>
    <Filter Include="Personagens">
      <UniqueIdentifier>{dd513654-3c77-4983-aada-09fb6f62615a}</UniqueIdentifier>
    </Filter>
    <Filter Include="Listas">
      <UniqueIdentifier>{5c7c9ae0-7646-4546-8a76-c5faa570de15}</UniqueIdentifier>
    </Filter>
    <Filter Include="Menus">
      <UniqueIdentifier>{93b0071c-b2a3-4f55-b25e-da26163c8d4a}</UniqueIdentifier>
    </Filter>
  </ItemGroup>
</Project>